
Microsoft Visual Studio Solution File, Format Version 12.00
# Visual Studio Version 17
VisualStudioVersion = 17.9.34728.123
MinimumVisualStudioVersion = 10.0.40219.1
Project("{FAE04EC0-301F-11D3-BF4B-00C04F79EFBC}") = "CSharpStudy", "CSharpStudy.csproj", "{DE7E62E2-DE05-405C-96A8-DB07D2241AE2}"
EndProject
Global
	GlobalSection(SolutionConfigurationPlatforms) = preSolution
		Debug|Any CPU = Debug|Any CPU
		Release|Any CPU = Release|Any CPU
	EndGlobalSection
	GlobalSection(ProjectConfigurationPlatforms) = postSolution
		{DE7E62E2-DE05-405C-96A8-DB07D2241AE2}.Debug|Any CPU.ActiveCfg = Debug|Any CPU
		{DE7E62E2-DE05-405C-96A8-DB07D2241AE2}.Debug|Any CPU.Build.0 = Debug|Any CPU
		{DE7E62E2-DE05-405C-96A8-DB07D2241AE2}.Release|Any CPU.ActiveCfg = Release|Any CPU
		{DE7E62E2-DE05-405C-96A8-DB07D2241AE2}.Release|Any CPU.Build.0 = Release|Any CPU
	EndGlobalSection
	GlobalSection(SolutionProperties) = preSolution
		HideSolutionNode = FALSE
	EndGlobalSection
	GlobalSection(ExtensibilityGlobals) = postSolution
		SolutionGuid = {CFDB334D-18B8-4471-B015-BBFA728C3F0A}
	EndGlobalSection
EndGlobal
